
Microsoft Visual Studio Solution File, Format Version 12.00
# Visual Studio Version 17
VisualStudioVersion = 17.1.32319.34
MinimumVisualStudioVersion = 10.0.40219.1
Project("{FAE04EC0-301F-11D3-BF4B-00C04F79EFBC}") = "SimpleNimbleExtended.Android", "SimpleNimbleExtended\SimpleNimbleExtended.Android\SimpleNimbleExtended.Android.csproj", "{6214B9A2-ACD6-4E7D-875B-F17E41F55EE8}"
EndProject
Project("{FAE04EC0-301F-11D3-BF4B-00C04F79EFBC}") = "SimpleNimbleExtended.iOS", "SimpleNimbleExtended\SimpleNimbleExtended.iOS\SimpleNimbleExtended.iOS.csproj", "{75EECD18-40BC-4E88-8BE6-642A86699B1F}"
EndProject
Project("{9A19103F-16F7-4668-BE54-9A1E7A4F7556}") = "SimpleNimbleExtended", "SimpleNimbleExtended\SimpleNimbleExtended\SimpleNimbleExtended.csproj", "{F718EB69-616B-4D8C-AFFD-1FBD8CF7C00A}"
EndProject
Global
	GlobalSection(SolutionConfigurationPlatforms) = preSolution
		Debug|Any CPU = Debug|Any CPU
		Debug|iPhone = Debug|iPhone
		Debug|iPhoneSimulator = Debug|iPhoneSimulator
		Release|Any CPU = Release|Any CPU
		Release|iPhone = Release|iPhone
		Release|iPhoneSimulator = Release|iPhoneSimulator
	EndGlobalSection
	GlobalSection(ProjectConfigurationPlatforms) = postSolution
		{6214B9A2-ACD6-4E7D-875B-F17E41F55EE8}.Debug|Any CPU.ActiveCfg = Debug|Any CPU
		{6214B9A2-ACD6-4E7D-875B-F17E41F55EE8}.Debug|Any CPU.Build.0 = Debug|Any CPU
		{6214B9A2-ACD6-4E7D-875B-F17E41F55EE8}.Debug|Any CPU.Deploy.0 = Debug|Any CPU
		{6214B9A2-ACD6-4E7D-875B-F17E41F55EE8}.Debug|iPhone.ActiveCfg = Debug|Any CPU
		{6214B9A2-ACD6-4E7D-875B-F17E41F55EE8}.Debug|iPhone.Build.0 = Debug|Any CPU
		{6214B9A2-ACD6-4E7D-875B-F17E41F55EE8}.Debug|iPhone.Deploy.0 = Debug|Any CPU
		{6214B9A2-ACD6-4E7D-875B-F17E41F55EE8}.Debug|iPhoneSimulator.ActiveCfg = Debug|Any CPU
		{6214B9A2-ACD6-4E7D-875B-F17E41F55EE8}.Debug|iPhoneSimulator.Build.0 = Debug|Any CPU
		{6214B9A2-ACD6-4E7D-875B-F17E41F55EE8}.Debug|iPhoneSimulator.Deploy.0 = Debug|Any CPU
		{6214B9A2-ACD6-4E7D-875B-F17E41F55EE8}.Release|Any CPU.ActiveCfg = Release|Any CPU
		{6214B9A2-ACD6-4E7D-875B-F17E41F55EE8}.Release|Any CPU.Build.0 = Release|Any CPU
		{6214B9A2-ACD6-4E7D-875B-F17E41F55EE8}.Release|Any CPU.Deploy.0 = Release|Any CPU
		{6214B9A2-ACD6-4E7D-875B-F17E41F55EE8}.Release|iPhone.ActiveCfg = Release|Any CPU
		{6214B9A2-ACD6-4E7D-875B-F17E41F55EE8}.Release|iPhone.Build.0 = Release|Any CPU
		{6214B9A2-ACD6-4E7D-875B-F17E41F55EE8}.Release|iPhone.Deploy.0 = Release|Any CPU
		{6214B9A2-ACD6-4E7D-875B-F17E41F55EE8}.Release|iPhoneSimulator.ActiveCfg = Release|Any CPU
		{6214B9A2-ACD6-4E7D-875B-F17E41F55EE8}.Release|iPhoneSimulator.Build.0 = Release|Any CPU
		{6214B9A2-ACD6-4E7D-875B-F17E41F55EE8}.Release|iPhoneSimulator.Deploy.0 = Release|Any CPU
		{75EECD18-40BC-4E88-8BE6-642A86699B1F}.Debug|Any CPU.ActiveCfg = Debug|iPhone
		{75EECD18-40BC-4E88-8BE6-642A86699B1F}.Debug|Any CPU.Build.0 = Debug|iPhone
		{75EECD18-40BC-4E88-8BE6-642A86699B1F}.Debug|Any CPU.Deploy.0 = Debug|iPhone
		{75EECD18-40BC-4E88-8BE6-642A86699B1F}.Debug|iPhone.ActiveCfg = Debug|iPhone
		{75EECD18-40BC-4E88-8BE6-642A86699B1F}.Debug|iPhone.Build.0 = Debug|iPhone
		{75EECD18-40BC-4E88-8BE6-642A86699B1F}.Debug|iPhone.Deploy.0 = Debug|iPhone
		{75EECD18-40BC-4E88-8BE6-642A86699B1F}.Debug|iPhoneSimulator.ActiveCfg = Debug|iPhoneSimulator
		{75EECD18-40BC-4E88-8BE6-642A86699B1F}.Debug|iPhoneSimulator.Build.0 = Debug|iPhoneSimulator
		{75EECD18-40BC-4E88-8BE6-642A86699B1F}.Debug|iPhoneSimulator.Deploy.0 = Debug|iPhoneSimulator
		{75EECD18-40BC-4E88-8BE6-642A86699B1F}.Release|Any CPU.ActiveCfg = Release|iPhoneSimulator
		{75EECD18-40BC-4E88-8BE6-642A86699B1F}.Release|Any CPU.Build.0 = Release|iPhoneSimulator
		{75EECD18-40BC-4E88-8BE6-642A86699B1F}.Release|Any CPU.Deploy.0 = Release|iPhoneSimulator
		{75EECD18-40BC-4E88-8BE6-642A86699B1F}.Release|iPhone.ActiveCfg = Release|iPhone
		{75EECD18-40BC-4E88-8BE6-642A86699B1F}.Release|iPhone.Build.0 = Release|iPhone
		{75EECD18-40BC-4E88-8BE6-642A86699B1F}.Release|iPhone.Deploy.0 = Release|iPhone
		{75EECD18-40BC-4E88-8BE6-642A86699B1F}.Release|iPhoneSimulator.ActiveCfg = Release|iPhoneSimulator
		{75EECD18-40BC-4E88-8BE6-642A86699B1F}.Release|iPhoneSimulator.Build.0 = Release|iPhoneSimulator
		{75EECD18-40BC-4E88-8BE6-642A86699B1F}.Release|iPhoneSimulator.Deploy.0 = Release|iPhoneSimulator
		{F718EB69-616B-4D8C-AFFD-1FBD8CF7C00A}.Debug|Any CPU.ActiveCfg = Debug|Any CPU
		{F718EB69-616B-4D8C-AFFD-1FBD8CF7C00A}.Debug|Any CPU.Build.0 = Debug|Any CPU
		{F718EB69-616B-4D8C-AFFD-1FBD8CF7C00A}.Debug|Any CPU.Deploy.0 = Debug|Any CPU
		{F718EB69-616B-4D8C-AFFD-1FBD8CF7C00A}.Debug|iPhone.ActiveCfg = Debug|Any CPU
		{F718EB69-616B-4D8C-AFFD-1FBD8CF7C00A}.Debug|iPhone.Build.0 = Debug|Any CPU
		{F718EB69-616B-4D8C-AFFD-1FBD8CF7C00A}.Debug|iPhone.Deploy.0 = Debug|Any CPU
		{F718EB69-616B-4D8C-AFFD-1FBD8CF7C00A}.Debug|iPhoneSimulator.ActiveCfg = Debug|Any CPU
		{F718EB69-616B-4D8C-AFFD-1FBD8CF7C00A}.Debug|iPhoneSimulator.Build.0 = Debug|Any CPU
		{F718EB69-616B-4D8C-AFFD-1FBD8CF7C00A}.Debug|iPhoneSimulator.Deploy.0 = Debug|Any CPU
		{F718EB69-616B-4D8C-AFFD-1FBD8CF7C00A}.Release|Any CPU.ActiveCfg = Release|Any CPU
		{F718EB69-616B-4D8C-AFFD-1FBD8CF7C00A}.Release|Any CPU.Build.0 = Release|Any CPU
		{F718EB69-616B-4D8C-AFFD-1FBD8CF7C00A}.Release|Any CPU.Deploy.0 = Release|Any CPU
		{F718EB69-616B-4D8C-AFFD-1FBD8CF7C00A}.Release|iPhone.ActiveCfg = Release|Any CPU
		{F718EB69-616B-4D8C-AFFD-1FBD8CF7C00A}.Release|iPhone.Build.0 = Release|Any CPU
		{F718EB69-616B-4D8C-AFFD-1FBD8CF7C00A}.Release|iPhone.Deploy.0 = Release|Any CPU
		{F718EB69-616B-4D8C-AFFD-1FBD8CF7C00A}.Release|iPhoneSimulator.ActiveCfg = Release|Any CPU
		{F718EB69-616B-4D8C-AFFD-1FBD8CF7C00A}.Release|iPhoneSimulator.Build.0 = Release|Any CPU
		{F718EB69-616B-4D8C-AFFD-1FBD8CF7C00A}.Release|iPhoneSimulator.Deploy.0 = Release|Any CPU
	EndGlobalSection
	GlobalSection(SolutionProperties) = preSolution
		HideSolutionNode = FALSE
	EndGlobalSection
	GlobalSection(ExtensibilityGlobals) = postSolution
		SolutionGuid = {69580D97-15CD-4F3A-8C71-69B6ED154CE2}
	EndGlobalSection
EndGlobal
